
Microsoft Visual Studio Solution File, Format Version 12.00
# Visual Studio 15
VisualStudioVersion = 15.0.26124.0
MinimumVisualStudioVersion = 15.0.26124.0
Project("{2150E333-8FDC-42A3-9474-1A3956D46DE8}") = "src", "src", "{27C45838-3FFE-4645-84F7-EEE57D3D7C85}"
EndProject
Project("{FAE04EC0-301F-11D3-BF4B-00C04F79EFBC}") = "Draughts.Client", "src\Draughts.Client\Draughts.Client.csproj", "{0F500598-6E96-463C-B626-38C3837D95DC}"
EndProject
Project("{FAE04EC0-301F-11D3-BF4B-00C04F79EFBC}") = "Draughts.Server", "src\Draughts.Server\Draughts.Server.csproj", "{957A32FF-922A-4E56-94DF-92CBF3E6C74B}"
EndProject
Project("{FAE04EC0-301F-11D3-BF4B-00C04F79EFBC}") = "Draughts.Shared", "src\Draughts.Shared\Draughts.Shared.csproj", "{BCE0679E-4C26-439D-A6F5-2AABB72B2066}"
EndProject
Global
	GlobalSection(SolutionConfigurationPlatforms) = preSolution
		Debug|Any CPU = Debug|Any CPU
		Debug|x64 = Debug|x64
		Debug|x86 = Debug|x86
		Release|Any CPU = Release|Any CPU
		Release|x64 = Release|x64
		Release|x86 = Release|x86
	EndGlobalSection
	GlobalSection(SolutionProperties) = preSolution
		HideSolutionNode = FALSE
	EndGlobalSection
	GlobalSection(ProjectConfigurationPlatforms) = postSolution
		{0F500598-6E96-463C-B626-38C3837D95DC}.Debug|Any CPU.ActiveCfg = Debug|Any CPU
		{0F500598-6E96-463C-B626-38C3837D95DC}.Debug|Any CPU.Build.0 = Debug|Any CPU
		{0F500598-6E96-463C-B626-38C3837D95DC}.Debug|x64.ActiveCfg = Debug|Any CPU
		{0F500598-6E96-463C-B626-38C3837D95DC}.Debug|x64.Build.0 = Debug|Any CPU
		{0F500598-6E96-463C-B626-38C3837D95DC}.Debug|x86.ActiveCfg = Debug|Any CPU
		{0F500598-6E96-463C-B626-38C3837D95DC}.Debug|x86.Build.0 = Debug|Any CPU
		{0F500598-6E96-463C-B626-38C3837D95DC}.Release|Any CPU.ActiveCfg = Release|Any CPU
		{0F500598-6E96-463C-B626-38C3837D95DC}.Release|Any CPU.Build.0 = Release|Any CPU
		{0F500598-6E96-463C-B626-38C3837D95DC}.Release|x64.ActiveCfg = Release|Any CPU
		{0F500598-6E96-463C-B626-38C3837D95DC}.Release|x64.Build.0 = Release|Any CPU
		{0F500598-6E96-463C-B626-38C3837D95DC}.Release|x86.ActiveCfg = Release|Any CPU
		{0F500598-6E96-463C-B626-38C3837D95DC}.Release|x86.Build.0 = Release|Any CPU
		{957A32FF-922A-4E56-94DF-92CBF3E6C74B}.Debug|Any CPU.ActiveCfg = Debug|Any CPU
		{957A32FF-922A-4E56-94DF-92CBF3E6C74B}.Debug|Any CPU.Build.0 = Debug|Any CPU
		{957A32FF-922A-4E56-94DF-92CBF3E6C74B}.Debug|x64.ActiveCfg = Debug|Any CPU
		{957A32FF-922A-4E56-94DF-92CBF3E6C74B}.Debug|x64.Build.0 = Debug|Any CPU
		{957A32FF-922A-4E56-94DF-92CBF3E6C74B}.Debug|x86.ActiveCfg = Debug|Any CPU
		{957A32FF-922A-4E56-94DF-92CBF3E6C74B}.Debug|x86.Build.0 = Debug|Any CPU
		{957A32FF-922A-4E56-94DF-92CBF3E6C74B}.Release|Any CPU.ActiveCfg = Release|Any CPU
		{957A32FF-922A-4E56-94DF-92CBF3E6C74B}.Release|Any CPU.Build.0 = Release|Any CPU
		{957A32FF-922A-4E56-94DF-92CBF3E6C74B}.Release|x64.ActiveCfg = Release|Any CPU
		{957A32FF-922A-4E56-94DF-92CBF3E6C74B}.Release|x64.Build.0 = Release|Any CPU
		{957A32FF-922A-4E56-94DF-92CBF3E6C74B}.Release|x86.ActiveCfg = Release|Any CPU
		{957A32FF-922A-4E56-94DF-92CBF3E6C74B}.Release|x86.Build.0 = Release|Any CPU
		{BCE0679E-4C26-439D-A6F5-2AABB72B2066}.Debug|Any CPU.ActiveCfg = Debug|Any CPU
		{BCE0679E-4C26-439D-A6F5-2AABB72B2066}.Debug|Any CPU.Build.0 = Debug|Any CPU
		{BCE0679E-4C26-439D-A6F5-2AABB72B2066}.Debug|x64.ActiveCfg = Debug|Any CPU
		{BCE0679E-4C26-439D-A6F5-2AABB72B2066}.Debug|x64.Build.0 = Debug|Any CPU
		{BCE0679E-4C26-439D-A6F5-2AABB72B2066}.Debug|x86.ActiveCfg = Debug|Any CPU
		{BCE0679E-4C26-439D-A6F5-2AABB72B2066}.Debug|x86.Build.0 = Debug|Any CPU
		{BCE0679E-4C26-439D-A6F5-2AABB72B2066}.Release|Any CPU.ActiveCfg = Release|Any CPU
		{BCE0679E-4C26-439D-A6F5-2AABB72B2066}.Release|Any CPU.Build.0 = Release|Any CPU
		{BCE0679E-4C26-439D-A6F5-2AABB72B2066}.Release|x64.ActiveCfg = Release|Any CPU
		{BCE0679E-4C26-439D-A6F5-2AABB72B2066}.Release|x64.Build.0 = Release|Any CPU
		{BCE0679E-4C26-439D-A6F5-2AABB72B2066}.Release|x86.ActiveCfg = Release|Any CPU
		{BCE0679E-4C26-439D-A6F5-2AABB72B2066}.Release|x86.Build.0 = Release|Any CPU
	EndGlobalSection
	GlobalSection(NestedProjects) = preSolution
		{0F500598-6E96-463C-B626-38C3837D95DC} = {27C45838-3FFE-4645-84F7-EEE57D3D7C85}
		{957A32FF-922A-4E56-94DF-92CBF3E6C74B} = {27C45838-3FFE-4645-84F7-EEE57D3D7C85}
		{BCE0679E-4C26-439D-A6F5-2AABB72B2066} = {27C45838-3FFE-4645-84F7-EEE57D3D7C85}
	EndGlobalSection
EndGlobal
